
Microsoft Visual Studio Solution File, Format Version 12.00
# Visual Studio Version 17
VisualStudioVersion = 17.7.34202.233
MinimumVisualStudioVersion = 10.0.40219.1
Project("{FAE04EC0-301F-11D3-BF4B-00C04F79EFBC}") = "CodingWiki_Web", "CodingWiki_Web\CodingWiki_Web.csproj", "{C7BBB092-7D53-4224-9B3C-1BCC391D62A9}"
EndProject
Project("{FAE04EC0-301F-11D3-BF4B-00C04F79EFBC}") = "CodingWiki_DataAccess", "CodingWiki_DataAccess\CodingWiki_DataAccess.csproj", "{6CA55DF1-6277-4D62-A043-F0AE1872E5EB}"
EndProject
Project("{FAE04EC0-301F-11D3-BF4B-00C04F79EFBC}") = "CodingWiki_Model", "CodingWiki_Model\CodingWiki_Model.csproj", "{13E29ADD-9030-494E-B68B-5746F09DAD80}"
EndProject
Project("{FAE04EC0-301F-11D3-BF4B-00C04F79EFBC}") = "CodingWiki_Console", "CodingWiki_Console\CodingWiki_Console.csproj", "{2E5A31A3-7BF1-4F20-9862-463A2E5C0EC5}"
EndProject
Global
	GlobalSection(SolutionConfigurationPlatforms) = preSolution
		Debug|Any CPU = Debug|Any CPU
		Release|Any CPU = Release|Any CPU
	EndGlobalSection
	GlobalSection(ProjectConfigurationPlatforms) = postSolution
		{C7BBB092-7D53-4224-9B3C-1BCC391D62A9}.Debug|Any CPU.ActiveCfg = Debug|Any CPU
		{C7BBB092-7D53-4224-9B3C-1BCC391D62A9}.Debug|Any CPU.Build.0 = Debug|Any CPU
		{C7BBB092-7D53-4224-9B3C-1BCC391D62A9}.Release|Any CPU.ActiveCfg = Release|Any CPU
		{C7BBB092-7D53-4224-9B3C-1BCC391D62A9}.Release|Any CPU.Build.0 = Release|Any CPU
		{6CA55DF1-6277-4D62-A043-F0AE1872E5EB}.Debug|Any CPU.ActiveCfg = Debug|Any CPU
		{6CA55DF1-6277-4D62-A043-F0AE1872E5EB}.Debug|Any CPU.Build.0 = Debug|Any CPU
		{6CA55DF1-6277-4D62-A043-F0AE1872E5EB}.Release|Any CPU.ActiveCfg = Release|Any CPU
		{6CA55DF1-6277-4D62-A043-F0AE1872E5EB}.Release|Any CPU.Build.0 = Release|Any CPU
		{13E29ADD-9030-494E-B68B-5746F09DAD80}.Debug|Any CPU.ActiveCfg = Debug|Any CPU
		{13E29ADD-9030-494E-B68B-5746F09DAD80}.Debug|Any CPU.Build.0 = Debug|Any CPU
		{13E29ADD-9030-494E-B68B-5746F09DAD80}.Release|Any CPU.ActiveCfg = Release|Any CPU
		{13E29ADD-9030-494E-B68B-5746F09DAD80}.Release|Any CPU.Build.0 = Release|Any CPU
		{2E5A31A3-7BF1-4F20-9862-463A2E5C0EC5}.Debug|Any CPU.ActiveCfg = Debug|Any CPU
		{2E5A31A3-7BF1-4F20-9862-463A2E5C0EC5}.Debug|Any CPU.Build.0 = Debug|Any CPU
		{2E5A31A3-7BF1-4F20-9862-463A2E5C0EC5}.Release|Any CPU.ActiveCfg = Release|Any CPU
		{2E5A31A3-7BF1-4F20-9862-463A2E5C0EC5}.Release|Any CPU.Build.0 = Release|Any CPU
	EndGlobalSection
	GlobalSection(SolutionProperties) = preSolution
		HideSolutionNode = FALSE
	EndGlobalSection
	GlobalSection(ExtensibilityGlobals) = postSolution
		SolutionGuid = {E44779CB-48B8-4B05-BC3F-EF0054704584}
	EndGlobalSection
EndGlobal
